<?xml version="1.0" encoding="utf-8"?>
<Project xmlns="http://schemas.microsoft.com/developer/msbuild/2003">
  <ItemGroup>
    <Filter Include="Generated Files">
      <UniqueIdentifier>{71ED8ED8-ACB9-4CE9-BBE1-E00B30144E11}</UniqueIdentifier>
      <Extensions>cpp;c;cxx;moc;h;def;odl;idl;res;</Extensions>
    </Filter>
    <Filter Include="Generated Files">
      <UniqueIdentifier>{71ED8ED8-ACB9-4CE9-BBE1-E00B30144E11}</UniqueIdentifier>
      <Extensions>cpp;c;cxx;moc;h;def;odl;idl;res;</Extensions>
    </Filter>
    <Filter Include="Header Files">
      <UniqueIdentifier>{93995380-89BD-4b04-88EB-625FBE52EBFB}</UniqueIdentifier>
      <Extensions>h;hpp;hxx;hm;inl;inc;xsd</Extensions>
    </Filter>
    <Filter Include="Header Files">
      <UniqueIdentifier>{93995380-89BD-4b04-88EB-625FBE52EBFB}</UniqueIdentifier>
      <Extensions>h;hpp;hxx;hm;inl;inc;xsd</Extensions>
    </Filter>
    <Filter Include="Source Files">
      <UniqueIdentifier>{4FC737F1-C7A5-4376-A066-2A32D752A2FF}</UniqueIdentifier>
      <Extensions>cpp;c;cxx;def;odl;idl;hpj;bat;asm;asmx</Extensions>
    </Filter>
    <Filter Include="Source Files">
      <UniqueIdentifier>{4FC737F1-C7A5-4376-A066-2A32D752A2FF}</UniqueIdentifier>
      <Extensions>cpp;c;cxx;def;odl;idl;hpj;bat;asm;asmx</Extensions>
    </Filter>
  </ItemGroup>
  <ItemGroup>
    <ClCompile Include="src\MIPConstraint.cpp">
      <Filter>Source Files</Filter>
    </ClCompile>
    <ClCompile Include="src\MIPExpression.cpp">
      <Filter>Source Files</Filter>
    </ClCompile>
    <ClCompile Include="src\MIPModel.cpp">
      <Filter>Source Files</Filter>
    </ClCompile>
    <ClCompile Include="src\MIPModeler.cpp">
      <Filter>Source Files</Filter>
    </ClCompile>
    <ClCompile Include="src\MIPSpecialOrderedSet.cpp">
      <Filter>Source Files</Filter>
    </ClCompile>
    <ClCompile Include="src\MIPSubobjective.cpp">
      <Filter>Source Files</Filter>
    </ClCompile>
    <ClCompile Include="src\MIPUtils.cpp">
      <Filter>Source Files</Filter>
    </ClCompile>
    <ClCompile Include="src\MIPVariable0D.cpp">
      <Filter>Source Files</Filter>
    </ClCompile>
    <ClCompile Include="src\MIPVariable1D.cpp">
      <Filter>Source Files</Filter>
    </ClCompile>
    <ClCompile Include="src\MIPVariable2D.cpp">
      <Filter>Source Files</Filter>
    </ClCompile>
    <ClCompile Include="src\MIPVariable3D.cpp">
      <Filter>Source Files</Filter>
    </ClCompile>
    <ClCompile Include="src\MIPWarmStart.cpp">
      <Filter>Source Files</Filter>
    </ClCompile>
  </ItemGroup>
  <ItemGroup>
    <ClInclude Include="include\MIPConstraint.h">
      <Filter>Header Files</Filter>
    </ClInclude>
    <ClInclude Include="include\MIPExpression.h">
      <Filter>Header Files</Filter>
    </ClInclude>
    <ClInclude Include="include\MIPModel.h">
      <Filter>Header Files</Filter>
    </ClInclude>
    <ClInclude Include="include\MIPModeler.h">
      <Filter>Header Files</Filter>
    </ClInclude>
    <ClInclude Include="include\MIPModeler_global.h">
      <Filter>Header Files</Filter>
    </ClInclude>
    <ClInclude Include="include\MIPSpecialOrderedSet.h">
      <Filter>Header Files</Filter>
    </ClInclude>
    <ClInclude Include="include\MIPSubobjective.h">
      <Filter>Header Files</Filter>
    </ClInclude>
    <ClInclude Include="include\MIPUtils.h">
      <Filter>Header Files</Filter>
    </ClInclude>
    <ClInclude Include="include\MIPVariable0D.h">
      <Filter>Header Files</Filter>
    </ClInclude>
    <ClInclude Include="include\MIPVariable1D.h">
      <Filter>Header Files</Filter>
    </ClInclude>
    <ClInclude Include="include\MIPVariable2D.h">
      <Filter>Header Files</Filter>
    </ClInclude>
    <ClInclude Include="include\MIPVariable3D.h">
      <Filter>Header Files</Filter>
    </ClInclude>
    <ClInclude Include="include\MIPWarmStart.h">
      <Filter>Header Files</Filter>
    </ClInclude>
  </ItemGroup>
  <ItemGroup>
    <CustomBuild Include="debug\moc_predefs.h.cbt">
      <Filter>Generated Files</Filter>
    </CustomBuild>
    <CustomBuild Include="release\moc_predefs.h.cbt">
      <Filter>Generated Files</Filter>
    </CustomBuild>
  </ItemGroup>
</Project>