<?xml version="1.0" encoding="utf-8"?>
<Project xmlns="http://schemas.microsoft.com/developer/msbuild/2003">
  <ItemGroup>
    <Filter Include="Generated Files">
      <UniqueIdentifier>{71ED8ED8-ACB9-4CE9-BBE1-E00B30144E11}</UniqueIdentifier>
      <Extensions>cpp;c;cxx;moc;h;def;odl;idl;res;</Extensions>
    </Filter>
    <Filter Include="Generated Files">
      <UniqueIdentifier>{71ED8ED8-ACB9-4CE9-BBE1-E00B30144E11}</UniqueIdentifier>
      <Extensions>cpp;c;cxx;moc;h;def;odl;idl;res;</Extensions>
    </Filter>
    <Filter Include="Header Files">
      <UniqueIdentifier>{93995380-89BD-4b04-88EB-625FBE52EBFB}</UniqueIdentifier>
      <Extensions>h;hpp;hxx;hm;inl;inc;xsd</Extensions>
    </Filter>
    <Filter Include="Header Files">
      <UniqueIdentifier>{93995380-89BD-4b04-88EB-625FBE52EBFB}</UniqueIdentifier>
      <Extensions>h;hpp;hxx;hm;inl;inc;xsd</Extensions>
    </Filter>
    <Filter Include="Source Files">
      <UniqueIdentifier>{4FC737F1-C7A5-4376-A066-2A32D752A2FF}</UniqueIdentifier>
      <Extensions>cpp;c;cxx;def;odl;idl;hpj;bat;asm;asmx</Extensions>
    </Filter>
    <Filter Include="Source Files">
      <UniqueIdentifier>{4FC737F1-C7A5-4376-A066-2A32D752A2FF}</UniqueIdentifier>
      <Extensions>cpp;c;cxx;def;odl;idl;hpj;bat;asm;asmx</Extensions>
    </Filter>
  </ItemGroup>
  <ItemGroup>
    <ClCompile Include="MIPConstraint.cpp">
      <Filter>Source Files</Filter>
    </ClCompile>
    <ClCompile Include="MIPExpression.cpp">
      <Filter>Source Files</Filter>
    </ClCompile>
    <ClCompile Include="MIPModel.cpp">
      <Filter>Source Files</Filter>
    </ClCompile>
    <ClCompile Include="MIPModeler.cpp">
      <Filter>Source Files</Filter>
    </ClCompile>
    <ClCompile Include="MIPSpecialOrderedSet.cpp">
      <Filter>Source Files</Filter>
    </ClCompile>
    <ClCompile Include="MIPSubobjective.cpp">
      <Filter>Source Files</Filter>
    </ClCompile>
    <ClCompile Include="MIPUtils.cpp">
      <Filter>Source Files</Filter>
    </ClCompile>
    <ClCompile Include="MIPVariable0D.cpp">
      <Filter>Source Files</Filter>
    </ClCompile>
    <ClCompile Include="MIPVariable1D.cpp">
      <Filter>Source Files</Filter>
    </ClCompile>
    <ClCompile Include="MIPVariable2D.cpp">
      <Filter>Source Files</Filter>
    </ClCompile>
    <ClCompile Include="MIPVariable3D.cpp">
      <Filter>Source Files</Filter>
    </ClCompile>
    <ClCompile Include="MIPWarmStart.cpp">
      <Filter>Source Files</Filter>
    </ClCompile>
  </ItemGroup>
  <ItemGroup>
    <ClInclude Include="MIPConstraint.h">
      <Filter>Header Files</Filter>
    </ClInclude>
    <ClInclude Include="MIPExpression.h">
      <Filter>Header Files</Filter>
    </ClInclude>
    <ClInclude Include="MIPModel.h">
      <Filter>Header Files</Filter>
    </ClInclude>
    <ClInclude Include="MIPModeler.h">
      <Filter>Header Files</Filter>
    </ClInclude>
    <ClInclude Include="MIPModeler_global.h">
      <Filter>Header Files</Filter>
    </ClInclude>
    <ClInclude Include="MIPSpecialOrderedSet.h">
      <Filter>Header Files</Filter>
    </ClInclude>
    <ClInclude Include="MIPSubobjective.h">
      <Filter>Header Files</Filter>
    </ClInclude>
    <ClInclude Include="MIPUtils.h">
      <Filter>Header Files</Filter>
    </ClInclude>
    <ClInclude Include="MIPVariable0D.h">
      <Filter>Header Files</Filter>
    </ClInclude>
    <ClInclude Include="MIPVariable1D.h">
      <Filter>Header Files</Filter>
    </ClInclude>
    <ClInclude Include="MIPVariable2D.h">
      <Filter>Header Files</Filter>
    </ClInclude>
    <ClInclude Include="MIPVariable3D.h">
      <Filter>Header Files</Filter>
    </ClInclude>
    <ClInclude Include="MIPWarmStart.h">
      <Filter>Header Files</Filter>
    </ClInclude>
  </ItemGroup>
  <ItemGroup>
    <CustomBuild Include="debug\moc_predefs.h.cbt">
      <Filter>Generated Files</Filter>
    </CustomBuild>
    <CustomBuild Include="release\moc_predefs.h.cbt">
      <Filter>Generated Files</Filter>
    </CustomBuild>
  </ItemGroup>
</Project>